
Microsoft Visual Studio Solution File, Format Version 12.00
# Visual Studio 15
VisualStudioVersion = 15.0.28307.1259
MinimumVisualStudioVersion = 10.0.40219.1
Project("{FAE04EC0-301F-11D3-BF4B-00C04F79EFBC}") = "Xamarin_Camara_Tejada.Android", "Xamarin_Camara_Tejada\Xamarin_Camara_Tejada.Android\Xamarin_Camara_Tejada.Android.csproj", "{FC67B906-6CB8-4DD4-9644-9F9638E48FB1}"
EndProject
Project("{FAE04EC0-301F-11D3-BF4B-00C04F79EFBC}") = "Xamarin_Camara_Tejada.iOS", "Xamarin_Camara_Tejada\Xamarin_Camara_Tejada.iOS\Xamarin_Camara_Tejada.iOS.csproj", "{887A5E51-70EA-4FD8-9AFF-D2FC83BE127E}"
EndProject
Project("{FAE04EC0-301F-11D3-BF4B-00C04F79EFBC}") = "Xamarin_Camara_Tejada.UWP", "Xamarin_Camara_Tejada\Xamarin_Camara_Tejada.UWP\Xamarin_Camara_Tejada.UWP.csproj", "{98E7B4E4-364E-49F3-832F-A0C472301EA2}"
EndProject
Project("{FAE04EC0-301F-11D3-BF4B-00C04F79EFBC}") = "Xamarin_Camara_Tejada", "Xamarin_Camara_Tejada\Xamarin_Camara_Tejada\Xamarin_Camara_Tejada.csproj", "{DC335E15-C356-485B-8F4B-DC273093F036}"
EndProject
Global
	GlobalSection(SolutionConfigurationPlatforms) = preSolution
		Ad-Hoc|Any CPU = Ad-Hoc|Any CPU
		Ad-Hoc|ARM = Ad-Hoc|ARM
		Ad-Hoc|iPhone = Ad-Hoc|iPhone
		Ad-Hoc|iPhoneSimulator = Ad-Hoc|iPhoneSimulator
		Ad-Hoc|x64 = Ad-Hoc|x64
		Ad-Hoc|x86 = Ad-Hoc|x86
		AppStore|Any CPU = AppStore|Any CPU
		AppStore|ARM = AppStore|ARM
		AppStore|iPhone = AppStore|iPhone
		AppStore|iPhoneSimulator = AppStore|iPhoneSimulator
		AppStore|x64 = AppStore|x64
		AppStore|x86 = AppStore|x86
		Debug|Any CPU = Debug|Any CPU
		Debug|ARM = Debug|ARM
		Debug|iPhone = Debug|iPhone
		Debug|iPhoneSimulator = Debug|iPhoneSimulator
		Debug|x64 = Debug|x64
		Debug|x86 = Debug|x86
		Release|Any CPU = Release|Any CPU
		Release|ARM = Release|ARM
		Release|iPhone = Release|iPhone
		Release|iPhoneSimulator = Release|iPhoneSimulator
		Release|x64 = Release|x64
		Release|x86 = Release|x86
	EndGlobalSection
	GlobalSection(ProjectConfigurationPlatforms) = postSolution
		{FC67B906-6CB8-4DD4-9644-9F9638E48FB1}.Ad-Hoc|Any CPU.ActiveCfg = Release|Any CPU
		{FC67B906-6CB8-4DD4-9644-9F9638E48FB1}.Ad-Hoc|Any CPU.Build.0 = Release|Any CPU
		{FC67B906-6CB8-4DD4-9644-9F9638E48FB1}.Ad-Hoc|Any CPU.Deploy.0 = Release|Any CPU
		{FC67B906-6CB8-4DD4-9644-9F9638E48FB1}.Ad-Hoc|ARM.ActiveCfg = Release|Any CPU
		{FC67B906-6CB8-4DD4-9644-9F9638E48FB1}.Ad-Hoc|ARM.Build.0 = Release|Any CPU
		{FC67B906-6CB8-4DD4-9644-9F9638E48FB1}.Ad-Hoc|ARM.Deploy.0 = Release|Any CPU
		{FC67B906-6CB8-4DD4-9644-9F9638E48FB1}.Ad-Hoc|iPhone.ActiveCfg = Release|Any CPU
		{FC67B906-6CB8-4DD4-9644-9F9638E48FB1}.Ad-Hoc|iPhone.Build.0 = Release|Any CPU
		{FC67B906-6CB8-4DD4-9644-9F9638E48FB1}.Ad-Hoc|iPhone.Deploy.0 = Release|Any CPU
		{FC67B906-6CB8-4DD4-9644-9F9638E48FB1}.Ad-Hoc|iPhoneSimulator.ActiveCfg = Release|Any CPU
		{FC67B906-6CB8-4DD4-9644-9F9638E48FB1}.Ad-Hoc|iPhoneSimulator.Build.0 = Release|Any CPU
		{FC67B906-6CB8-4DD4-9644-9F9638E48FB1}.Ad-Hoc|iPhoneSimulator.Deploy.0 = Release|Any CPU
		{FC67B906-6CB8-4DD4-9644-9F9638E48FB1}.Ad-Hoc|x64.ActiveCfg = Release|Any CPU
		{FC67B906-6CB8-4DD4-9644-9F9638E48FB1}.Ad-Hoc|x64.Build.0 = Release|Any CPU
		{FC67B906-6CB8-4DD4-9644-9F9638E48FB1}.Ad-Hoc|x64.Deploy.0 = Release|Any CPU
		{FC67B906-6CB8-4DD4-9644-9F9638E48FB1}.Ad-Hoc|x86.ActiveCfg = Release|Any CPU
		{FC67B906-6CB8-4DD4-9644-9F9638E48FB1}.Ad-Hoc|x86.Build.0 = Release|Any CPU
		{FC67B906-6CB8-4DD4-9644-9F9638E48FB1}.Ad-Hoc|x86.Deploy.0 = Release|Any CPU
		{FC67B906-6CB8-4DD4-9644-9F9638E48FB1}.AppStore|Any CPU.ActiveCfg = Release|Any CPU
		{FC67B906-6CB8-4DD4-9644-9F9638E48FB1}.AppStore|Any CPU.Build.0 = Release|Any CPU
		{FC67B906-6CB8-4DD4-9644-9F9638E48FB1}.AppStore|Any CPU.Deploy.0 = Release|Any CPU
		{FC67B906-6CB8-4DD4-9644-9F9638E48FB1}.AppStore|ARM.ActiveCfg = Release|Any CPU
		{FC67B906-6CB8-4DD4-9644-9F9638E48FB1}.AppStore|ARM.Build.0 = Release|Any CPU
		{FC67B906-6CB8-4DD4-9644-9F9638E48FB1}.AppStore|ARM.Deploy.0 = Release|Any CPU
		{FC67B906-6CB8-4DD4-9644-9F9638E48FB1}.AppStore|iPhone.ActiveCfg = Release|Any CPU
		{FC67B906-6CB8-4DD4-9644-9F9638E48FB1}.AppStore|iPhone.Build.0 = Release|Any CPU
		{FC67B906-6CB8-4DD4-9644-9F9638E48FB1}.AppStore|iPhone.Deploy.0 = Release|Any CPU
		{FC67B906-6CB8-4DD4-9644-9F9638E48FB1}.AppStore|iPhoneSimulator.ActiveCfg = Release|Any CPU
		{FC67B906-6CB8-4DD4-9644-9F9638E48FB1}.AppStore|iPhoneSimulator.Build.0 = Release|Any CPU
		{FC67B906-6CB8-4DD4-9644-9F9638E48FB1}.AppStore|iPhoneSimulator.Deploy.0 = Release|Any CPU
		{FC67B906-6CB8-4DD4-9644-9F9638E48FB1}.AppStore|x64.ActiveCfg = Release|Any CPU
		{FC67B906-6CB8-4DD4-9644-9F9638E48FB1}.AppStore|x64.Build.0 = Release|Any CPU
		{FC67B906-6CB8-4DD4-9644-9F9638E48FB1}.AppStore|x64.Deploy.0 = Release|Any CPU
		{FC67B906-6CB8-4DD4-9644-9F9638E48FB1}.AppStore|x86.ActiveCfg = Release|Any CPU
		{FC67B906-6CB8-4DD4-9644-9F9638E48FB1}.AppStore|x86.Build.0 = Release|Any CPU
		{FC67B906-6CB8-4DD4-9644-9F9638E48FB1}.AppStore|x86.Deploy.0 = Release|Any CPU
		{FC67B906-6CB8-4DD4-9644-9F9638E48FB1}.Debug|Any CPU.ActiveCfg = Debug|Any CPU
		{FC67B906-6CB8-4DD4-9644-9F9638E48FB1}.Debug|Any CPU.Build.0 = Debug|Any CPU
		{FC67B906-6CB8-4DD4-9644-9F9638E48FB1}.Debug|Any CPU.Deploy.0 = Debug|Any CPU
		{FC67B906-6CB8-4DD4-9644-9F9638E48FB1}.Debug|ARM.ActiveCfg = Debug|Any CPU
		{FC67B906-6CB8-4DD4-9644-9F9638E48FB1}.Debug|ARM.Build.0 = Debug|Any CPU
		{FC67B906-6CB8-4DD4-9644-9F9638E48FB1}.Debug|ARM.Deploy.0 = Debug|Any CPU
		{FC67B906-6CB8-4DD4-9644-9F9638E48FB1}.Debug|iPhone.ActiveCfg = Debug|Any CPU
		{FC67B906-6CB8-4DD4-9644-9F9638E48FB1}.Debug|iPhone.Build.0 = Debug|Any CPU
		{FC67B906-6CB8-4DD4-9644-9F9638E48FB1}.Debug|iPhone.Deploy.0 = Debug|Any CPU
		{FC67B906-6CB8-4DD4-9644-9F9638E48FB1}.Debug|iPhoneSimulator.ActiveCfg = Debug|Any CPU
		{FC67B906-6CB8-4DD4-9644-9F9638E48FB1}.Debug|iPhoneSimulator.Build.0 = Debug|Any CPU
		{FC67B906-6CB8-4DD4-9644-9F9638E48FB1}.Debug|iPhoneSimulator.Deploy.0 = Debug|Any CPU
		{FC67B906-6CB8-4DD4-9644-9F9638E48FB1}.Debug|x64.ActiveCfg = Debug|Any CPU
		{FC67B906-6CB8-4DD4-9644-9F9638E48FB1}.Debug|x64.Build.0 = Debug|Any CPU
		{FC67B906-6CB8-4DD4-9644-9F9638E48FB1}.Debug|x64.Deploy.0 = Debug|Any CPU
		{FC67B906-6CB8-4DD4-9644-9F9638E48FB1}.Debug|x86.ActiveCfg = Debug|Any CPU
		{FC67B906-6CB8-4DD4-9644-9F9638E48FB1}.Debug|x86.Build.0 = Debug|Any CPU
		{FC67B906-6CB8-4DD4-9644-9F9638E48FB1}.Debug|x86.Deploy.0 = Debug|Any CPU
		{FC67B906-6CB8-4DD4-9644-9F9638E48FB1}.Release|Any CPU.ActiveCfg = Release|Any CPU
		{FC67B906-6CB8-4DD4-9644-9F9638E48FB1}.Release|Any CPU.Build.0 = Release|Any CPU
		{FC67B906-6CB8-4DD4-9644-9F9638E48FB1}.Release|Any CPU.Deploy.0 = Release|Any CPU
		{FC67B906-6CB8-4DD4-9644-9F9638E48FB1}.Release|ARM.ActiveCfg = Release|Any CPU
		{FC67B906-6CB8-4DD4-9644-9F9638E48FB1}.Release|ARM.Build.0 = Release|Any CPU
		{FC67B906-6CB8-4DD4-9644-9F9638E48FB1}.Release|ARM.Deploy.0 = Release|Any CPU
		{FC67B906-6CB8-4DD4-9644-9F9638E48FB1}.Release|iPhone.ActiveCfg = Release|Any CPU
		{FC67B906-6CB8-4DD4-9644-9F9638E48FB1}.Release|iPhone.Build.0 = Release|Any CPU
		{FC67B906-6CB8-4DD4-9644-9F9638E48FB1}.Release|iPhone.Deploy.0 = Release|Any CPU
		{FC67B906-6CB8-4DD4-9644-9F9638E48FB1}.Release|iPhoneSimulator.ActiveCfg = Release|Any CPU
		{FC67B906-6CB8-4DD4-9644-9F9638E48FB1}.Release|iPhoneSimulator.Build.0 = Release|Any CPU
		{FC67B906-6CB8-4DD4-9644-9F9638E48FB1}.Release|iPhoneSimulator.Deploy.0 = Release|Any CPU
		{FC67B906-6CB8-4DD4-9644-9F9638E48FB1}.Release|x64.ActiveCfg = Release|Any CPU
		{FC67B906-6CB8-4DD4-9644-9F9638E48FB1}.Release|x64.Build.0 = Release|Any CPU
		{FC67B906-6CB8-4DD4-9644-9F9638E48FB1}.Release|x64.Deploy.0 = Release|Any CPU
		{FC67B906-6CB8-4DD4-9644-9F9638E48FB1}.Release|x86.ActiveCfg = Release|Any CPU
		{FC67B906-6CB8-4DD4-9644-9F9638E48FB1}.Release|x86.Build.0 = Release|Any CPU
		{FC67B906-6CB8-4DD4-9644-9F9638E48FB1}.Release|x86.Deploy.0 = Release|Any CPU
		{887A5E51-70EA-4FD8-9AFF-D2FC83BE127E}.Ad-Hoc|Any CPU.ActiveCfg = Ad-Hoc|iPhone
		{887A5E51-70EA-4FD8-9AFF-D2FC83BE127E}.Ad-Hoc|Any CPU.Build.0 = Ad-Hoc|iPhone
		{887A5E51-70EA-4FD8-9AFF-D2FC83BE127E}.Ad-Hoc|Any CPU.Deploy.0 = Ad-Hoc|iPhone
		{887A5E51-70EA-4FD8-9AFF-D2FC83BE127E}.Ad-Hoc|ARM.ActiveCfg = Ad-Hoc|iPhone
		{887A5E51-70EA-4FD8-9AFF-D2FC83BE127E}.Ad-Hoc|ARM.Build.0 = Ad-Hoc|iPhone
		{887A5E51-70EA-4FD8-9AFF-D2FC83BE127E}.Ad-Hoc|ARM.Deploy.0 = Ad-Hoc|iPhone
		{887A5E51-70EA-4FD8-9AFF-D2FC83BE127E}.Ad-Hoc|iPhone.ActiveCfg = Ad-Hoc|iPhone
		{887A5E51-70EA-4FD8-9AFF-D2FC83BE127E}.Ad-Hoc|iPhone.Build.0 = Ad-Hoc|iPhone
		{887A5E51-70EA-4FD8-9AFF-D2FC83BE127E}.Ad-Hoc|iPhone.Deploy.0 = Ad-Hoc|iPhone
		{887A5E51-70EA-4FD8-9AFF-D2FC83BE127E}.Ad-Hoc|iPhoneSimulator.ActiveCfg = Ad-Hoc|iPhoneSimulator
		{887A5E51-70EA-4FD8-9AFF-D2FC83BE127E}.Ad-Hoc|iPhoneSimulator.Build.0 = Ad-Hoc|iPhoneSimulator
		{887A5E51-70EA-4FD8-9AFF-D2FC83BE127E}.Ad-Hoc|iPhoneSimulator.Deploy.0 = Ad-Hoc|iPhoneSimulator
		{887A5E51-70EA-4FD8-9AFF-D2FC83BE127E}.Ad-Hoc|x64.ActiveCfg = Ad-Hoc|iPhone
		{887A5E51-70EA-4FD8-9AFF-D2FC83BE127E}.Ad-Hoc|x64.Build.0 = Ad-Hoc|iPhone
		{887A5E51-70EA-4FD8-9AFF-D2FC83BE127E}.Ad-Hoc|x64.Deploy.0 = Ad-Hoc|iPhone
		{887A5E51-70EA-4FD8-9AFF-D2FC83BE127E}.Ad-Hoc|x86.ActiveCfg = Ad-Hoc|iPhone
		{887A5E51-70EA-4FD8-9AFF-D2FC83BE127E}.Ad-Hoc|x86.Build.0 = Ad-Hoc|iPhone
		{887A5E51-70EA-4FD8-9AFF-D2FC83BE127E}.Ad-Hoc|x86.Deploy.0 = Ad-Hoc|iPhone
		{887A5E51-70EA-4FD8-9AFF-D2FC83BE127E}.AppStore|Any CPU.ActiveCfg = AppStore|iPhone
		{887A5E51-70EA-4FD8-9AFF-D2FC83BE127E}.AppStore|Any CPU.Build.0 = AppStore|iPhone
		{887A5E51-70EA-4FD8-9AFF-D2FC83BE127E}.AppStore|Any CPU.Deploy.0 = AppStore|iPhone
		{887A5E51-70EA-4FD8-9AFF-D2FC83BE127E}.AppStore|ARM.ActiveCfg = AppStore|iPhone
		{887A5E51-70EA-4FD8-9AFF-D2FC83BE127E}.AppStore|ARM.Build.0 = AppStore|iPhone
		{887A5E51-70EA-4FD8-9AFF-D2FC83BE127E}.AppStore|ARM.Deploy.0 = AppStore|iPhone
		{887A5E51-70EA-4FD8-9AFF-D2FC83BE127E}.AppStore|iPhone.ActiveCfg = AppStore|iPhone
		{887A5E51-70EA-4FD8-9AFF-D2FC83BE127E}.AppStore|iPhone.Build.0 = AppStore|iPhone
		{887A5E51-70EA-4FD8-9AFF-D2FC83BE127E}.AppStore|iPhone.Deploy.0 = AppStore|iPhone
		{887A5E51-70EA-4FD8-9AFF-D2FC83BE127E}.AppStore|iPhoneSimulator.ActiveCfg = AppStore|iPhoneSimulator
		{887A5E51-70EA-4FD8-9AFF-D2FC83BE127E}.AppStore|iPhoneSimulator.Build.0 = AppStore|iPhoneSimulator
		{887A5E51-70EA-4FD8-9AFF-D2FC83BE127E}.AppStore|iPhoneSimulator.Deploy.0 = AppStore|iPhoneSimulator
		{887A5E51-70EA-4FD8-9AFF-D2FC83BE127E}.AppStore|x64.ActiveCfg = AppStore|iPhone
		{887A5E51-70EA-4FD8-9AFF-D2FC83BE127E}.AppStore|x64.Build.0 = AppStore|iPhone
		{887A5E51-70EA-4FD8-9AFF-D2FC83BE127E}.AppStore|x64.Deploy.0 = AppStore|iPhone
		{887A5E51-70EA-4FD8-9AFF-D2FC83BE127E}.AppStore|x86.ActiveCfg = AppStore|iPhone
		{887A5E51-70EA-4FD8-9AFF-D2FC83BE127E}.AppStore|x86.Build.0 = AppStore|iPhone
		{887A5E51-70EA-4FD8-9AFF-D2FC83BE127E}.AppStore|x86.Deploy.0 = AppStore|iPhone
		{887A5E51-70EA-4FD8-9AFF-D2FC83BE127E}.Debug|Any CPU.ActiveCfg = Debug|iPhoneSimulator
		{887A5E51-70EA-4FD8-9AFF-D2FC83BE127E}.Debug|Any CPU.Build.0 = Debug|iPhoneSimulator
		{887A5E51-70EA-4FD8-9AFF-D2FC83BE127E}.Debug|Any CPU.Deploy.0 = Debug|iPhoneSimulator
		{887A5E51-70EA-4FD8-9AFF-D2FC83BE127E}.Debug|ARM.ActiveCfg = Debug|iPhone
		{887A5E51-70EA-4FD8-9AFF-D2FC83BE127E}.Debug|ARM.Build.0 = Debug|iPhone
		{887A5E51-70EA-4FD8-9AFF-D2FC83BE127E}.Debug|ARM.Deploy.0 = Debug|iPhone
		{887A5E51-70EA-4FD8-9AFF-D2FC83BE127E}.Debug|iPhone.ActiveCfg = Debug|iPhone
		{887A5E51-70EA-4FD8-9AFF-D2FC83BE127E}.Debug|iPhone.Build.0 = Debug|iPhone
		{887A5E51-70EA-4FD8-9AFF-D2FC83BE127E}.Debug|iPhone.Deploy.0 = Debug|iPhone
		{887A5E51-70EA-4FD8-9AFF-D2FC83BE127E}.Debug|iPhoneSimulator.ActiveCfg = Debug|iPhoneSimulator
		{887A5E51-70EA-4FD8-9AFF-D2FC83BE127E}.Debug|iPhoneSimulator.Build.0 = Debug|iPhoneSimulator
		{887A5E51-70EA-4FD8-9AFF-D2FC83BE127E}.Debug|iPhoneSimulator.Deploy.0 = Debug|iPhoneSimulator
		{887A5E51-70EA-4FD8-9AFF-D2FC83BE127E}.Debug|x64.ActiveCfg = Debug|iPhone
		{887A5E51-70EA-4FD8-9AFF-D2FC83BE127E}.Debug|x64.Build.0 = Debug|iPhone
		{887A5E51-70EA-4FD8-9AFF-D2FC83BE127E}.Debug|x64.Deploy.0 = Debug|iPhone
		{887A5E51-70EA-4FD8-9AFF-D2FC83BE127E}.Debug|x86.ActiveCfg = Debug|iPhone
		{887A5E51-70EA-4FD8-9AFF-D2FC83BE127E}.Debug|x86.Build.0 = Debug|iPhone
		{887A5E51-70EA-4FD8-9AFF-D2FC83BE127E}.Debug|x86.Deploy.0 = Debug|iPhone
		{887A5E51-70EA-4FD8-9AFF-D2FC83BE127E}.Release|Any CPU.ActiveCfg = Release|iPhone
		{887A5E51-70EA-4FD8-9AFF-D2FC83BE127E}.Release|Any CPU.Build.0 = Release|iPhone
		{887A5E51-70EA-4FD8-9AFF-D2FC83BE127E}.Release|Any CPU.Deploy.0 = Release|iPhone
		{887A5E51-70EA-4FD8-9AFF-D2FC83BE127E}.Release|ARM.ActiveCfg = Release|iPhone
		{887A5E51-70EA-4FD8-9AFF-D2FC83BE127E}.Release|ARM.Build.0 = Release|iPhone
		{887A5E51-70EA-4FD8-9AFF-D2FC83BE127E}.Release|ARM.Deploy.0 = Release|iPhone
		{887A5E51-70EA-4FD8-9AFF-D2FC83BE127E}.Release|iPhone.ActiveCfg = Release|iPhone
		{887A5E51-70EA-4FD8-9AFF-D2FC83BE127E}.Release|iPhone.Build.0 = Release|iPhone
		{887A5E51-70EA-4FD8-9AFF-D2FC83BE127E}.Release|iPhone.Deploy.0 = Release|iPhone
		{887A5E51-70EA-4FD8-9AFF-D2FC83BE127E}.Release|iPhoneSimulator.ActiveCfg = Release|iPhoneSimulator
		{887A5E51-70EA-4FD8-9AFF-D2FC83BE127E}.Release|iPhoneSimulator.Build.0 = Release|iPhoneSimulator
		{887A5E51-70EA-4FD8-9AFF-D2FC83BE127E}.Release|iPhoneSimulator.Deploy.0 = Release|iPhoneSimulator
		{887A5E51-70EA-4FD8-9AFF-D2FC83BE127E}.Release|x64.ActiveCfg = Release|iPhone
		{887A5E51-70EA-4FD8-9AFF-D2FC83BE127E}.Release|x64.Build.0 = Release|iPhone
		{887A5E51-70EA-4FD8-9AFF-D2FC83BE127E}.Release|x64.Deploy.0 = Release|iPhone
		{887A5E51-70EA-4FD8-9AFF-D2FC83BE127E}.Release|x86.ActiveCfg = Release|iPhone
		{887A5E51-70EA-4FD8-9AFF-D2FC83BE127E}.Release|x86.Build.0 = Release|iPhone
		{887A5E51-70EA-4FD8-9AFF-D2FC83BE127E}.Release|x86.Deploy.0 = Release|iPhone
		{98E7B4E4-364E-49F3-832F-A0C472301EA2}.Ad-Hoc|Any CPU.ActiveCfg = Release|x86
		{98E7B4E4-364E-49F3-832F-A0C472301EA2}.Ad-Hoc|Any CPU.Build.0 = Release|x86
		{98E7B4E4-364E-49F3-832F-A0C472301EA2}.Ad-Hoc|Any CPU.Deploy.0 = Release|x86
		{98E7B4E4-364E-49F3-832F-A0C472301EA2}.Ad-Hoc|ARM.ActiveCfg = Release|ARM
		{98E7B4E4-364E-49F3-832F-A0C472301EA2}.Ad-Hoc|ARM.Build.0 = Release|ARM
		{98E7B4E4-364E-49F3-832F-A0C472301EA2}.Ad-Hoc|ARM.Deploy.0 = Release|ARM
		{98E7B4E4-364E-49F3-832F-A0C472301EA2}.Ad-Hoc|iPhone.ActiveCfg = Release|x86
		{98E7B4E4-364E-49F3-832F-A0C472301EA2}.Ad-Hoc|iPhone.Build.0 = Release|x86
		{98E7B4E4-364E-49F3-832F-A0C472301EA2}.Ad-Hoc|iPhone.Deploy.0 = Release|x86
		{98E7B4E4-364E-49F3-832F-A0C472301EA2}.Ad-Hoc|iPhoneSimulator.ActiveCfg = Release|x86
		{98E7B4E4-364E-49F3-832F-A0C472301EA2}.Ad-Hoc|iPhoneSimulator.Build.0 = Release|x86
		{98E7B4E4-364E-49F3-832F-A0C472301EA2}.Ad-Hoc|iPhoneSimulator.Deploy.0 = Release|x86
		{98E7B4E4-364E-49F3-832F-A0C472301EA2}.Ad-Hoc|x64.ActiveCfg = Release|x64
		{98E7B4E4-364E-49F3-832F-A0C472301EA2}.Ad-Hoc|x64.Build.0 = Release|x64
		{98E7B4E4-364E-49F3-832F-A0C472301EA2}.Ad-Hoc|x64.Deploy.0 = Release|x64
		{98E7B4E4-364E-49F3-832F-A0C472301EA2}.Ad-Hoc|x86.ActiveCfg = Release|x86
		{98E7B4E4-364E-49F3-832F-A0C472301EA2}.Ad-Hoc|x86.Build.0 = Release|x86
		{98E7B4E4-364E-49F3-832F-A0C472301EA2}.Ad-Hoc|x86.Deploy.0 = Release|x86
		{98E7B4E4-364E-49F3-832F-A0C472301EA2}.AppStore|Any CPU.ActiveCfg = Release|x86
		{98E7B4E4-364E-49F3-832F-A0C472301EA2}.AppStore|Any CPU.Build.0 = Release|x86
		{98E7B4E4-364E-49F3-832F-A0C472301EA2}.AppStore|Any CPU.Deploy.0 = Release|x86
		{98E7B4E4-364E-49F3-832F-A0C472301EA2}.AppStore|ARM.ActiveCfg = Release|ARM
		{98E7B4E4-364E-49F3-832F-A0C472301EA2}.AppStore|ARM.Build.0 = Release|ARM
		{98E7B4E4-364E-49F3-832F-A0C472301EA2}.AppStore|ARM.Deploy.0 = Release|ARM
		{98E7B4E4-364E-49F3-832F-A0C472301EA2}.AppStore|iPhone.ActiveCfg = Release|x86
		{98E7B4E4-364E-49F3-832F-A0C472301EA2}.AppStore|iPhone.Build.0 = Release|x86
		{98E7B4E4-364E-49F3-832F-A0C472301EA2}.AppStore|iPhone.Deploy.0 = Release|x86
		{98E7B4E4-364E-49F3-832F-A0C472301EA2}.AppStore|iPhoneSimulator.ActiveCfg = Release|x86
		{98E7B4E4-364E-49F3-832F-A0C472301EA2}.AppStore|iPhoneSimulator.Build.0 = Release|x86
		{98E7B4E4-364E-49F3-832F-A0C472301EA2}.AppStore|iPhoneSimulator.Deploy.0 = Release|x86
		{98E7B4E4-364E-49F3-832F-A0C472301EA2}.AppStore|x64.ActiveCfg = Release|x64
		{98E7B4E4-364E-49F3-832F-A0C472301EA2}.AppStore|x64.Build.0 = Release|x64
		{98E7B4E4-364E-49F3-832F-A0C472301EA2}.AppStore|x64.Deploy.0 = Release|x64
		{98E7B4E4-364E-49F3-832F-A0C472301EA2}.AppStore|x86.ActiveCfg = Release|x86
		{98E7B4E4-364E-49F3-832F-A0C472301EA2}.AppStore|x86.Build.0 = Release|x86
		{98E7B4E4-364E-49F3-832F-A0C472301EA2}.AppStore|x86.Deploy.0 = Release|x86
		{98E7B4E4-364E-49F3-832F-A0C472301EA2}.Debug|Any CPU.ActiveCfg = Debug|x86
		{98E7B4E4-364E-49F3-832F-A0C472301EA2}.Debug|Any CPU.Build.0 = Debug|x86
		{98E7B4E4-364E-49F3-832F-A0C472301EA2}.Debug|Any CPU.Deploy.0 = Debug|x86
		{98E7B4E4-364E-49F3-832F-A0C472301EA2}.Debug|ARM.ActiveCfg = Debug|ARM
		{98E7B4E4-364E-49F3-832F-A0C472301EA2}.Debug|ARM.Build.0 = Debug|ARM
		{98E7B4E4-364E-49F3-832F-A0C472301EA2}.Debug|ARM.Deploy.0 = Debug|ARM
		{98E7B4E4-364E-49F3-832F-A0C472301EA2}.Debug|iPhone.ActiveCfg = Debug|x86
		{98E7B4E4-364E-49F3-832F-A0C472301EA2}.Debug|iPhone.Build.0 = Debug|x86
		{98E7B4E4-364E-49F3-832F-A0C472301EA2}.Debug|iPhone.Deploy.0 = Debug|x86
		{98E7B4E4-364E-49F3-832F-A0C472301EA2}.Debug|iPhoneSimulator.ActiveCfg = Debug|x86
		{98E7B4E4-364E-49F3-832F-A0C472301EA2}.Debug|iPhoneSimulator.Build.0 = Debug|x86
		{98E7B4E4-364E-49F3-832F-A0C472301EA2}.Debug|iPhoneSimulator.Deploy.0 = Debug|x86
		{98E7B4E4-364E-49F3-832F-A0C472301EA2}.Debug|x64.ActiveCfg = Debug|x64
		{98E7B4E4-364E-49F3-832F-A0C472301EA2}.Debug|x64.Build.0 = Debug|x64
		{98E7B4E4-364E-49F3-832F-A0C472301EA2}.Debug|x64.Deploy.0 = Debug|x64
		{98E7B4E4-364E-49F3-832F-A0C472301EA2}.Debug|x86.ActiveCfg = Debug|x86
		{98E7B4E4-364E-49F3-832F-A0C472301EA2}.Debug|x86.Build.0 = Debug|x86
		{98E7B4E4-364E-49F3-832F-A0C472301EA2}.Debug|x86.Deploy.0 = Debug|x86
		{98E7B4E4-364E-49F3-832F-A0C472301EA2}.Release|Any CPU.ActiveCfg = Release|x86
		{98E7B4E4-364E-49F3-832F-A0C472301EA2}.Release|Any CPU.Build.0 = Release|x86
		{98E7B4E4-364E-49F3-832F-A0C472301EA2}.Release|Any CPU.Deploy.0 = Release|x86
		{98E7B4E4-364E-49F3-832F-A0C472301EA2}.Release|ARM.ActiveCfg = Release|ARM
		{98E7B4E4-364E-49F3-832F-A0C472301EA2}.Release|ARM.Build.0 = Release|ARM
		{98E7B4E4-364E-49F3-832F-A0C472301EA2}.Release|ARM.Deploy.0 = Release|ARM
		{98E7B4E4-364E-49F3-832F-A0C472301EA2}.Release|iPhone.ActiveCfg = Release|x86
		{98E7B4E4-364E-49F3-832F-A0C472301EA2}.Release|iPhone.Build.0 = Release|x86
		{98E7B4E4-364E-49F3-832F-A0C472301EA2}.Release|iPhone.Deploy.0 = Release|x86
		{98E7B4E4-364E-49F3-832F-A0C472301EA2}.Release|iPhoneSimulator.ActiveCfg = Release|x86
		{98E7B4E4-364E-49F3-832F-A0C472301EA2}.Release|iPhoneSimulator.Build.0 = Release|x86
		{98E7B4E4-364E-49F3-832F-A0C472301EA2}.Release|iPhoneSimulator.Deploy.0 = Release|x86
		{98E7B4E4-364E-49F3-832F-A0C472301EA2}.Release|x64.ActiveCfg = Release|x64
		{98E7B4E4-364E-49F3-832F-A0C472301EA2}.Release|x64.Build.0 = Release|x64
		{98E7B4E4-364E-49F3-832F-A0C472301EA2}.Release|x64.Deploy.0 = Release|x64
		{98E7B4E4-364E-49F3-832F-A0C472301EA2}.Release|x86.ActiveCfg = Release|x86
		{98E7B4E4-364E-49F3-832F-A0C472301EA2}.Release|x86.Build.0 = Release|x86
		{98E7B4E4-364E-49F3-832F-A0C472301EA2}.Release|x86.Deploy.0 = Release|x86
		{DC335E15-C356-485B-8F4B-DC273093F036}.Ad-Hoc|Any CPU.ActiveCfg = Debug|Any CPU
		{DC335E15-C356-485B-8F4B-DC273093F036}.Ad-Hoc|Any CPU.Build.0 = Debug|Any CPU
		{DC335E15-C356-485B-8F4B-DC273093F036}.Ad-Hoc|Any CPU.Deploy.0 = Debug|Any CPU
		{DC335E15-C356-485B-8F4B-DC273093F036}.Ad-Hoc|ARM.ActiveCfg = Debug|Any CPU
		{DC335E15-C356-485B-8F4B-DC273093F036}.Ad-Hoc|ARM.Build.0 = Debug|Any CPU
		{DC335E15-C356-485B-8F4B-DC273093F036}.Ad-Hoc|ARM.Deploy.0 = Debug|Any CPU
		{DC335E15-C356-485B-8F4B-DC273093F036}.Ad-Hoc|iPhone.ActiveCfg = Debug|Any CPU
		{DC335E15-C356-485B-8F4B-DC273093F036}.Ad-Hoc|iPhone.Build.0 = Debug|Any CPU
		{DC335E15-C356-485B-8F4B-DC273093F036}.Ad-Hoc|iPhone.Deploy.0 = Debug|Any CPU
		{DC335E15-C356-485B-8F4B-DC273093F036}.Ad-Hoc|iPhoneSimulator.ActiveCfg = Debug|Any CPU
		{DC335E15-C356-485B-8F4B-DC273093F036}.Ad-Hoc|iPhoneSimulator.Build.0 = Debug|Any CPU
		{DC335E15-C356-485B-8F4B-DC273093F036}.Ad-Hoc|iPhoneSimulator.Deploy.0 = Debug|Any CPU
		{DC335E15-C356-485B-8F4B-DC273093F036}.Ad-Hoc|x64.ActiveCfg = Debug|Any CPU
		{DC335E15-C356-485B-8F4B-DC273093F036}.Ad-Hoc|x64.Build.0 = Debug|Any CPU
		{DC335E15-C356-485B-8F4B-DC273093F036}.Ad-Hoc|x64.Deploy.0 = Debug|Any CPU
		{DC335E15-C356-485B-8F4B-DC273093F036}.Ad-Hoc|x86.ActiveCfg = Debug|Any CPU
		{DC335E15-C356-485B-8F4B-DC273093F036}.Ad-Hoc|x86.Build.0 = Debug|Any CPU
		{DC335E15-C356-485B-8F4B-DC273093F036}.Ad-Hoc|x86.Deploy.0 = Debug|Any CPU
		{DC335E15-C356-485B-8F4B-DC273093F036}.AppStore|Any CPU.ActiveCfg = Debug|Any CPU
		{DC335E15-C356-485B-8F4B-DC273093F036}.AppStore|Any CPU.Build.0 = Debug|Any CPU
		{DC335E15-C356-485B-8F4B-DC273093F036}.AppStore|Any CPU.Deploy.0 = Debug|Any CPU
		{DC335E15-C356-485B-8F4B-DC273093F036}.AppStore|ARM.ActiveCfg = Debug|Any CPU
		{DC335E15-C356-485B-8F4B-DC273093F036}.AppStore|ARM.Build.0 = Debug|Any CPU
		{DC335E15-C356-485B-8F4B-DC273093F036}.AppStore|ARM.Deploy.0 = Debug|Any CPU
		{DC335E15-C356-485B-8F4B-DC273093F036}.AppStore|iPhone.ActiveCfg = Debug|Any CPU
		{DC335E15-C356-485B-8F4B-DC273093F036}.AppStore|iPhone.Build.0 = Debug|Any CPU
		{DC335E15-C356-485B-8F4B-DC273093F036}.AppStore|iPhone.Deploy.0 = Debug|Any CPU
		{DC335E15-C356-485B-8F4B-DC273093F036}.AppStore|iPhoneSimulator.ActiveCfg = Debug|Any CPU
		{DC335E15-C356-485B-8F4B-DC273093F036}.AppStore|iPhoneSimulator.Build.0 = Debug|Any CPU
		{DC335E15-C356-485B-8F4B-DC273093F036}.AppStore|iPhoneSimulator.Deploy.0 = Debug|Any CPU
		{DC335E15-C356-485B-8F4B-DC273093F036}.AppStore|x64.ActiveCfg = Debug|Any CPU
		{DC335E15-C356-485B-8F4B-DC273093F036}.AppStore|x64.Build.0 = Debug|Any CPU
		{DC335E15-C356-485B-8F4B-DC273093F036}.AppStore|x64.Deploy.0 = Debug|Any CPU
		{DC335E15-C356-485B-8F4B-DC273093F036}.AppStore|x86.ActiveCfg = Debug|Any CPU
		{DC335E15-C356-485B-8F4B-DC273093F036}.AppStore|x86.Build.0 = Debug|Any CPU
		{DC335E15-C356-485B-8F4B-DC273093F036}.AppStore|x86.Deploy.0 = Debug|Any CPU
		{DC335E15-C356-485B-8F4B-DC273093F036}.Debug|Any CPU.ActiveCfg = Debug|Any CPU
		{DC335E15-C356-485B-8F4B-DC273093F036}.Debug|Any CPU.Build.0 = Debug|Any CPU
		{DC335E15-C356-485B-8F4B-DC273093F036}.Debug|Any CPU.Deploy.0 = Debug|Any CPU
		{DC335E15-C356-485B-8F4B-DC273093F036}.Debug|ARM.ActiveCfg = Debug|Any CPU
		{DC335E15-C356-485B-8F4B-DC273093F036}.Debug|ARM.Build.0 = Debug|Any CPU
		{DC335E15-C356-485B-8F4B-DC273093F036}.Debug|ARM.Deploy.0 = Debug|Any CPU
		{DC335E15-C356-485B-8F4B-DC273093F036}.Debug|iPhone.ActiveCfg = Debug|Any CPU
		{DC335E15-C356-485B-8F4B-DC273093F036}.Debug|iPhone.Build.0 = Debug|Any CPU
		{DC335E15-C356-485B-8F4B-DC273093F036}.Debug|iPhone.Deploy.0 = Debug|Any CPU
		{DC335E15-C356-485B-8F4B-DC273093F036}.Debug|iPhoneSimulator.ActiveCfg = Debug|Any CPU
		{DC335E15-C356-485B-8F4B-DC273093F036}.Debug|iPhoneSimulator.Build.0 = Debug|Any CPU
		{DC335E15-C356-485B-8F4B-DC273093F036}.Debug|iPhoneSimulator.Deploy.0 = Debug|Any CPU
		{DC335E15-C356-485B-8F4B-DC273093F036}.Debug|x64.ActiveCfg = Debug|Any CPU
		{DC335E15-C356-485B-8F4B-DC273093F036}.Debug|x64.Build.0 = Debug|Any CPU
		{DC335E15-C356-485B-8F4B-DC273093F036}.Debug|x64.Deploy.0 = Debug|Any CPU
		{DC335E15-C356-485B-8F4B-DC273093F036}.Debug|x86.ActiveCfg = Debug|Any CPU
		{DC335E15-C356-485B-8F4B-DC273093F036}.Debug|x86.Build.0 = Debug|Any CPU
		{DC335E15-C356-485B-8F4B-DC273093F036}.Debug|x86.Deploy.0 = Debug|Any CPU
		{DC335E15-C356-485B-8F4B-DC273093F036}.Release|Any CPU.ActiveCfg = Release|Any CPU
		{DC335E15-C356-485B-8F4B-DC273093F036}.Release|Any CPU.Build.0 = Release|Any CPU
		{DC335E15-C356-485B-8F4B-DC273093F036}.Release|Any CPU.Deploy.0 = Release|Any CPU
		{DC335E15-C356-485B-8F4B-DC273093F036}.Release|ARM.ActiveCfg = Release|Any CPU
		{DC335E15-C356-485B-8F4B-DC273093F036}.Release|ARM.Build.0 = Release|Any CPU
		{DC335E15-C356-485B-8F4B-DC273093F036}.Release|ARM.Deploy.0 = Release|Any CPU
		{DC335E15-C356-485B-8F4B-DC273093F036}.Release|iPhone.ActiveCfg = Release|Any CPU
		{DC335E15-C356-485B-8F4B-DC273093F036}.Release|iPhone.Build.0 = Release|Any CPU
		{DC335E15-C356-485B-8F4B-DC273093F036}.Release|iPhone.Deploy.0 = Release|Any CPU
		{DC335E15-C356-485B-8F4B-DC273093F036}.Release|iPhoneSimulator.ActiveCfg = Release|Any CPU
		{DC335E15-C356-485B-8F4B-DC273093F036}.Release|iPhoneSimulator.Build.0 = Release|Any CPU
		{DC335E15-C356-485B-8F4B-DC273093F036}.Release|iPhoneSimulator.Deploy.0 = Release|Any CPU
		{DC335E15-C356-485B-8F4B-DC273093F036}.Release|x64.ActiveCfg = Release|Any CPU
		{DC335E15-C356-485B-8F4B-DC273093F036}.Release|x64.Build.0 = Release|Any CPU
		{DC335E15-C356-485B-8F4B-DC273093F036}.Release|x64.Deploy.0 = Release|Any CPU
		{DC335E15-C356-485B-8F4B-DC273093F036}.Release|x86.ActiveCfg = Release|Any CPU
		{DC335E15-C356-485B-8F4B-DC273093F036}.Release|x86.Build.0 = Release|Any CPU
		{DC335E15-C356-485B-8F4B-DC273093F036}.Release|x86.Deploy.0 = Release|Any CPU
	EndGlobalSection
	GlobalSection(SolutionProperties) = preSolution
		HideSolutionNode = FALSE
	EndGlobalSection
	GlobalSection(ExtensibilityGlobals) = postSolution
		SolutionGuid = {6E2EF4D3-B4A1-435B-9777-B645209284D8}
	EndGlobalSection
EndGlobal
